PODS:
  - Hero (1.6.2)
  - SwiftSoup (2.6.1)

DEPENDENCIES:
  - Hero
  - SwiftSoup

SPEC REPOS:
  trunk:
    - Hero
    - SwiftSoup

SPEC CHECKSUMS:
  Hero: c69009dbc9e2f0472e081adc644dba05fcedae72
  SwiftSoup: 5dd2c1b06afc964f30d99894af6ede22ede627aa

PODFILE CHECKSUM: 85e685cef71fad0312a16a775477de50021f1934

COCOAPODS: 1.12.0
